// !$*UTF8*$!
{
	archiveVersion = 1;
	classes = {
	};
	objectVersion = 46;
	objects = {

/* Begin PBXBuildFile section */
		113A94141B04986900C082C6 /* 1-1.png in Resources */ = {isa = PBXBuildFile; fileRef = 113A940F1B04986900C082C6 /* 1-1.png */; };
		113A94151B04986900C082C6 /* 1-2.png in Resources */ = {isa = PBXBuildFile; fileRef = 113A94101B04986900C082C6 /* 1-2.png */; };
		113A94161B04986900C082C6 /* 1-3.png in Resources */ = {isa = PBXBuildFile; fileRef = 113A94111B04986900C082C6 /* 1-3.png */; };
		113A94171B04986900C082C6 /* 1-4.png in Resources */ = {isa = PBXBuildFile; fileRef = 113A94121B04986900C082C6 /* 1-4.png */; };
		113A94181B04986900C082C6 /* 1-5.png in Resources */ = {isa = PBXBuildFile; fileRef = 113A94131B04986900C082C6 /* 1-5.png */; };
		1157A9EC1AFAA56A004CA294 /* FloorPlanPagedScrollViewController.swift in Sources */ = {isa = PBXBuildFile; fileRef = 1157A9EB1AFAA56A004CA294 /* FloorPlanPagedScrollViewController.swift */; };
		1157A9F01AFAAAFE004CA294 /* 14-1.png in Resources */ = {isa = PBXBuildFile; fileRef = 1157A9ED1AFAAAFE004CA294 /* 14-1.png */; };
		1157A9F11AFAAAFE004CA294 /* 14-2.png in Resources */ = {isa = PBXBuildFile; fileRef = 1157A9EE1AFAAAFE004CA294 /* 14-2.png */; };
		1157A9F21AFAAAFE004CA294 /* 14-3.png in Resources */ = {isa = PBXBuildFile; fileRef = 1157A9EF1AFAAAFE004CA294 /* 14-3.png */; };
		1167C1CE1A783FB600E6C780 /* UIKit.framework in Frameworks */ = {isa = PBXBuildFile; fileRef = 1167C1CD1A783FB600E6C780 /* UIKit.framework */; };
		1167C1CF1A783FC600E6C780 /* CoreGraphics.framework in Frameworks */ = {isa = PBXBuildFile; fileRef = 1167C1C81A783EF200E6C780 /* CoreGraphics.framework */; };
		1167C1D01A783FD000E6C780 /* CoreLocation.framework in Frameworks */ = {isa = PBXBuildFile; fileRef = 1167C1C91A783EF200E6C780 /* CoreLocation.framework */; };
		1171B44C1AF0AD2400564ABE /* StreamReader.swift in Sources */ = {isa = PBXBuildFile; fileRef = 1171B44B1AF0AD2400564ABE /* StreamReader.swift */; };
		1171B44E1AF0AE0E00564ABE /* Building_Info.csv in Resources */ = {isa = PBXBuildFile; fileRef = 1171B44D1AF0AE0E00564ABE /* Building_Info.csv */; };
		1185CBB51A797B1900987018 /* .gitignore in Resources */ = {isa = PBXBuildFile; fileRef = 1185CBB41A797B1900987018 /* .gitignore */; };
		118C896B1AB1416B00E8847B /* CalPoly_Bldg14_Location.gpx in Resources */ = {isa = PBXBuildFile; fileRef = 118C896A1AB1416B00E8847B /* CalPoly_Bldg14_Location.gpx */; };
		118C896D1AB16C6200E8847B /* PolyMap_Extended.jpg in Resources */ = {isa = PBXBuildFile; fileRef = 118C896C1AB16C6200E8847B /* PolyMap_Extended.jpg */; };
		11E139AB1A9AE53B0074B985 /* AVFoundation.framework in Frameworks */ = {isa = PBXBuildFile; fileRef = 11E139AA1A9AE53B0074B985 /* AVFoundation.framework */; };
		11E139AD1A9AE54B0074B985 /* CoreText.framework in Frameworks */ = {isa = PBXBuildFile; fileRef = 11E139AC1A9AE54B0074B985 /* CoreText.framework */; };
		11E139AF1A9AE5520074B985 /* GLKit.framework in Frameworks */ = {isa = PBXBuildFile; fileRef = 11E139AE1A9AE5520074B985 /* GLKit.framework */; };
		11E139B31A9AE5600074B985 /* libc++.dylib in Frameworks */ = {isa = PBXBuildFile; fileRef = 11E139B21A9AE5600074B985 /* libc++.dylib */; };
		11E139B51A9AE5690074B985 /* libicucore.dylib in Frameworks */ = {isa = PBXBuildFile; fileRef = 11E139B41A9AE5690074B985 /* libicucore.dylib */; };
		11E139B71A9AE56F0074B985 /* libz.dylib in Frameworks */ = {isa = PBXBuildFile; fileRef = 11E139B61A9AE56F0074B985 /* libz.dylib */; };
		11E139B91A9AE5770074B985 /* OpenGLES.framework in Frameworks */ = {isa = PBXBuildFile; fileRef = 11E139B81A9AE5770074B985 /* OpenGLES.framework */; };
		11E139BB1A9AE57B0074B985 /* QuartzCore.framework in Frameworks */ = {isa = PBXBuildFile; fileRef = 11E139BA1A9AE57B0074B985 /* QuartzCore.framework */; };
		11E139BD1A9AE5800074B985 /* SystemConfiguration.framework in Frameworks */ = {isa = PBXBuildFile; fileRef = 11E139BC1A9AE5800074B985 /* SystemConfiguration.framework */; };
		11E139BF1A9BA6310074B985 /* ImageIO.framework in Frameworks */ = {isa = PBXBuildFile; fileRef = 11E139B01A9AE5580074B985 /* ImageIO.framework */; };
		11E139C41A9BB1040074B985 /* MapViewController.swift in Sources */ = {isa = PBXBuildFile; fileRef = 11E139C31A9BB1040074B985 /* MapViewController.swift */; };
		11E139C61A9BB13E0074B985 /* TypesTableViewController.swift in Sources */ = {isa = PBXBuildFile; fileRef = 11E139C51A9BB13E0074B985 /* TypesTableViewController.swift */; };
		11E139CA1A9BB1660074B985 /* MarkerInfoView.swift in Sources */ = {isa = PBXBuildFile; fileRef = 11E139C71A9BB1660074B985 /* MarkerInfoView.swift */; };
		11E139CB1A9BB1660074B985 /* MarkerInfoView.xib in Resources */ = {isa = PBXBuildFile; fileRef = 11E139C81A9BB1660074B985 /* MarkerInfoView.xib */; };
		11E139CC1A9BB1660074B985 /* UIViewExtension.swift in Sources */ = {isa = PBXBuildFile; fileRef = 11E139C91A9BB1660074B985 /* UIViewExtension.swift */; };
		11E139CF1A9BB2B30074B985 /* GoogleDataProvider.swift in Sources */ = {isa = PBXBuildFile; fileRef = 11E139CD1A9BB2B30074B985 /* GoogleDataProvider.swift */; };
		11E139D01A9BB2B30074B985 /* GooglePlace.swift in Sources */ = {isa = PBXBuildFile; fileRef = 11E139CE1A9BB2B30074B985 /* GooglePlace.swift */; };
		11E139D41A9BB48E0074B985 /* GoogleMaps.bundle in Resources */ = {isa = PBXBuildFile; fileRef = 11E139D31A9BB48E0074B985 /* GoogleMaps.bundle */; };
		11E139D51A9BB4AD0074B985 /* GoogleMaps.bundle in Frameworks */ = {isa = PBXBuildFile; fileRef = 11E139D31A9BB48E0074B985 /* GoogleMaps.bundle */; };
		11E139D61A9BB4AF0074B985 /* GoogleMaps.framework in Frameworks */ = {isa = PBXBuildFile; fileRef = 11E139D11A9BB47A0074B985 /* GoogleMaps.framework */; };
		11EEA6741AF5FFA500053ADA /* LaunchScreen.xib in Resources */ = {isa = PBXBuildFile; fileRef = 11EEA6721AF5FFA500053ADA /* LaunchScreen.xib */; };
		B208DACC1B16AF8A00FB1288 /* MainViewController.swift in Sources */ = {isa = PBXBuildFile; fileRef = B208DACB1B16AF8A00FB1288 /* MainViewController.swift */; };
		B23536E21A709D7500E4391B /* AppDelegate.swift in Sources */ = {isa = PBXBuildFile; fileRef = B23536E11A709D7500E4391B /* AppDelegate.swift */; };
		B23536E51A709D7500E4391B /* CP_Maps.xcdatamodeld in Sources */ = {isa = PBXBuildFile; fileRef = B23536E31A709D7500E4391B /* CP_Maps.xcdatamodeld */; };
		B23536EA1A709D7500E4391B /* Main.storyboard in Resources */ = {isa = PBXBuildFile; fileRef = B23536E81A709D7500E4391B /* Main.storyboard */; };
		B23536EC1A709D7500E4391B /* Images.xcassets in Resources */ = {isa = PBXBuildFile; fileRef = B23536EB1A709D7500E4391B /* Images.xcassets */; };
		B23536FB1A709D7500E4391B /* CP_MapsTests.swift in Sources */ = {isa = PBXBuildFile; fileRef = B23536FA1A709D7500E4391B /* CP_MapsTests.swift */; };
		B23573541A92BC090065DF25 /* Day.swift in Sources */ = {isa = PBXBuildFile; fileRef = B23573531A92BC090065DF25 /* Day.swift */; };
		B2372FA51A8C5B3F006EA3C9 /* LocationsTableViewController.swift in Sources */ = {isa = PBXBuildFile; fileRef = B2372FA41A8C5B3F006EA3C9 /* LocationsTableViewController.swift */; };
		B2372FAB1A8C5D29006EA3C9 /* SampleData.swift in Sources */ = {isa = PBXBuildFile; fileRef = B2372FAA1A8C5D29006EA3C9 /* SampleData.swift */; };
		B2372FB31A8C76C7006EA3C9 /* LocationCell.swift in Sources */ = {isa = PBXBuildFile; fileRef = B2372FB21A8C76C7006EA3C9 /* LocationCell.swift */; };
		B2485FCE1ADF677E00430CD9 /* CPMapsLibraryAPI.swift in Sources */ = {isa = PBXBuildFile; fileRef = B2485FCD1ADF677E00430CD9 /* CPMapsLibraryAPI.swift */; };
		B2485FD11ADF6C4200430CD9 /* LocationsPersistencyManager.swift in Sources */ = {isa = PBXBuildFile; fileRef = B2485FD01ADF6C4200430CD9 /* LocationsPersistencyManager.swift */; };
		B24DD84F1B13961700F2EE55 /* MapViewTypeTableViewController.swift in Sources */ = {isa = PBXBuildFile; fileRef = B24DD84E1B13961700F2EE55 /* MapViewTypeTableViewController.swift */; };
		B24DD8511B13994E00F2EE55 /* MapViewTypeTableViewCell.swift in Sources */ = {isa = PBXBuildFile; fileRef = B24DD8501B13994E00F2EE55 /* MapViewTypeTableViewCell.swift */; };
		B25647351AA0179000315E46 /* Room.swift in Sources */ = {isa = PBXBuildFile; fileRef = B25647341AA0179000315E46 /* Room.swift */; };
		B2644D361A990A9300513903 /* Building.swift in Sources */ = {isa = PBXBuildFile; fileRef = B2644D351A990A9300513903 /* Building.swift */; };
		B2644D381A990C4800513903 /* Course.swift in Sources */ = {isa = PBXBuildFile; fileRef = B2644D371A990C4800513903 /* Course.swift */; };
		B2748F461AB9337D00411FAA /* Const.swift in Sources */ = {isa = PBXBuildFile; fileRef = B2748F451AB9337D00411FAA /* Const.swift */; };
		B2748F501AB9528100411FAA /* ChooseBuildingRoomTableViewController.swift in Sources */ = {isa = PBXBuildFile; fileRef = B2748F4F1AB9528100411FAA /* ChooseBuildingRoomTableViewController.swift */; };
		B28064891B0DD27100122A48 /* StartEndDatePicker.swift in Sources */ = {isa = PBXBuildFile; fileRef = B28064881B0DD27100122A48 /* StartEndDatePicker.swift */; };
		B28088941AE8D08100A4656E /* BuildingsPersistencyManager.swift in Sources */ = {isa = PBXBuildFile; fileRef = B28088931AE8D08100A4656E /* BuildingsPersistencyManager.swift */; };
		B29C14CE1A831E7B000759CC /* CoreData.framework in Frameworks */ = {isa = PBXBuildFile; fileRef = B29C14CC1A831E26000759CC /* CoreData.framework */; };
		B2CB2AA91A91AC1200FDF096 /* Location.swift in Sources */ = {isa = PBXBuildFile; fileRef = B2CB2AA81A91AC1200FDF096 /* Location.swift */; };
		B2E728F21B1AB41B00B7A0D6 /* MainViewController.storyboard in Resources */ = {isa = PBXBuildFile; fileRef = B2E728F11B1AB41B00B7A0D6 /* MainViewController.storyboard */; };
		B2E763B41A903496000D93E5 /* ChooseDaysViewController.swift in Sources */ = {isa = PBXBuildFile; fileRef = B2E763B31A903496000D93E5 /* ChooseDaysViewController.swift */; };
		B2E763BE1A9049D5000D93E5 /* AddEditLocationViewController.swift in Sources */ = {isa = PBXBuildFile; fileRef = B2E763BD1A9049D5000D93E5 /* AddEditLocationViewController.swift */; };
/* End PBXBuildFile section */

/* Begin PBXContainerItemProxy section */
		B23536F51A709D7500E4391B /* PBXContainerItemProxy */ = {
			isa = PBXContainerItemProxy;
			containerPortal = B23536D41A709D7500E4391B /* Project object */;
			proxyType = 1;
			remoteGlobalIDString = B23536DB1A709D7500E4391B;
			remoteInfo = CP_Maps;
		};
/* End PBXContainerItemProxy section */

/* Begin PBXFileReference section */
		113A940F1B04986900C082C6 /* 1-1.png */ = {isa = PBXFileReference; lastKnownFileType = image.png; path = "1-1.png"; sourceTree = "<group>"; };
		113A94101B04986900C082C6 /* 1-2.png */ = {isa = PBXFileReference; lastKnownFileType = image.png; path = "1-2.png"; sourceTree = "<group>"; };
		113A94111B04986900C082C6 /* 1-3.png */ = {isa = PBXFileReference; lastKnownFileType = image.png; path = "1-3.png"; sourceTree = "<group>"; };
		113A94121B04986900C082C6 /* 1-4.png */ = {isa = PBXFileReference; lastKnownFileType = image.png; path = "1-4.png"; sourceTree = "<group>"; };
		113A94131B04986900C082C6 /* 1-5.png */ = {isa = PBXFileReference; lastKnownFileType = image.png; path = "1-5.png"; sourceTree = "<group>"; };
		1157A9EB1AFAA56A004CA294 /* FloorPlanPagedScrollViewController.swift */ = {isa = PBXFileReference; fileEncoding = 4; lastKnownFileType = sourcecode.swift; path = FloorPlanPagedScrollViewController.swift; sourceTree = "<group>"; };
		1157A9ED1AFAAAFE004CA294 /* 14-1.png */ = {isa = PBXFileReference; lastKnownFileType = image.png; path = "14-1.png"; sourceTree = "<group>"; };
		1157A9EE1AFAAAFE004CA294 /* 14-2.png */ = {isa = PBXFileReference; lastKnownFileType = image.png; path = "14-2.png"; sourceTree = "<group>"; };
		1157A9EF1AFAAAFE004CA294 /* 14-3.png */ = {isa = PBXFileReference; lastKnownFileType = image.png; path = "14-3.png"; sourceTree = "<group>"; };
		1167C1C81A783EF200E6C780 /* CoreGraphics.framework */ = {isa = PBXFileReference; lastKnownFileType = wrapper.framework; name = CoreGraphics.framework; path = System/Library/Frameworks/CoreGraphics.framework; sourceTree = SDKROOT; };
		1167C1C91A783EF200E6C780 /* CoreLocation.framework */ = {isa = PBXFileReference; lastKnownFileType = wrapper.framework; name = CoreLocation.framework; path = System/Library/Frameworks/CoreLocation.framework; sourceTree = SDKROOT; };
		1167C1CD1A783FB600E6C780 /* UIKit.framework */ = {isa = PBXFileReference; lastKnownFileType = wrapper.framework; name = UIKit.framework; path = System/Library/Frameworks/UIKit.framework; sourceTree = SDKROOT; };
		1171B44B1AF0AD2400564ABE /* StreamReader.swift */ = {isa = PBXFileReference; fileEncoding = 4; lastKnownFileType = sourcecode.swift; path = StreamReader.swift; sourceTree = "<group>"; };
		1171B44D1AF0AE0E00564ABE /* Building_Info.csv */ = {isa = PBXFileReference; fileEncoding = 4; lastKnownFileType = text; path = Building_Info.csv; sourceTree = "<group>"; };
		1185CBB41A797B1900987018 /* .gitignore */ = {isa = PBXFileReference; fileEncoding = 4; lastKnownFileType = text; path = .gitignore; sourceTree = "<group>"; };
		118C896A1AB1416B00E8847B /* CalPoly_Bldg14_Location.gpx */ = {isa = PBXFileReference; fileEncoding = 4; lastKnownFileType = text.xml; path = CalPoly_Bldg14_Location.gpx; sourceTree = "<group>"; };
		118C896C1AB16C6200E8847B /* PolyMap_Extended.jpg */ = {isa = PBXFileReference; lastKnownFileType = image.jpeg; path = PolyMap_Extended.jpg; sourceTree = "<group>"; };
		11E139AA1A9AE53B0074B985 /* AVFoundation.framework */ = {isa = PBXFileReference; lastKnownFileType = wrapper.framework; name = AVFoundation.framework; path = System/Library/Frameworks/AVFoundation.framework; sourceTree = SDKROOT; };
		11E139AC1A9AE54B0074B985 /* CoreText.framework */ = {isa = PBXFileReference; lastKnownFileType = wrapper.framework; name = CoreText.framework; path = System/Library/Frameworks/CoreText.framework; sourceTree = SDKROOT; };
		11E139AE1A9AE5520074B985 /* GLKit.framework */ = {isa = PBXFileReference; lastKnownFileType = wrapper.framework; name = GLKit.framework; path = System/Library/Frameworks/GLKit.framework; sourceTree = SDKROOT; };
		11E139B01A9AE5580074B985 /* ImageIO.framework */ = {isa = PBXFileReference; lastKnownFileType = wrapper.framework; name = ImageIO.framework; path = System/Library/Frameworks/ImageIO.framework; sourceTree = SDKROOT; };
		11E139B21A9AE5600074B985 /* libc++.dylib */ = {isa = PBXFileReference; lastKnownFileType = "compiled.mach-o.dylib"; name = "libc++.dylib"; path = "usr/lib/libc++.dylib"; sourceTree = SDKROOT; };
		11E139B41A9AE5690074B985 /* libicucore.dylib */ = {isa = PBXFileReference; lastKnownFileType = "compiled.mach-o.dylib"; name = libicucore.dylib; path = usr/lib/libicucore.dylib; sourceTree = SDKROOT; };
		11E139B61A9AE56F0074B985 /* libz.dylib */ = {isa = PBXFileReference; lastKnownFileType = "compiled.mach-o.dylib"; name = libz.dylib; path = usr/lib/libz.dylib; sourceTree = SDKROOT; };
		11E139B81A9AE5770074B985 /* OpenGLES.framework */ = {isa = PBXFileReference; lastKnownFileType = wrapper.framework; name = OpenGLES.framework; path = System/Library/Frameworks/OpenGLES.framework; sourceTree = SDKROOT; };
		11E139BA1A9AE57B0074B985 /* QuartzCore.framework */ = {isa = PBXFileReference; lastKnownFileType = wrapper.framework; name = QuartzCore.framework; path = System/Library/Frameworks/QuartzCore.framework; sourceTree = SDKROOT; };
		11E139BC1A9AE5800074B985 /* SystemConfiguration.framework */ = {isa = PBXFileReference; lastKnownFileType = wrapper.framework; name = SystemConfiguration.framework; path = System/Library/Frameworks/SystemConfiguration.framework; sourceTree = SDKROOT; };
		11E139C01A9BAB450074B985 /* CP_Maps-Bridging-Header.h */ = {isa = PBXFileReference; lastKnownFileType = sourcecode.c.h; path = "CP_Maps-Bridging-Header.h"; sourceTree = "<group>"; };
		11E139C31A9BB1040074B985 /* MapViewController.swift */ = {isa = PBXFileReference; fileEncoding = 4; lastKnownFileType = sourcecode.swift; path = MapViewController.swift; sourceTree = "<group>"; };
		11E139C51A9BB13E0074B985 /* TypesTableViewController.swift */ = {isa = PBXFileReference; fileEncoding = 4; lastKnownFileType = sourcecode.swift; path = TypesTableViewController.swift; sourceTree = "<group>"; };
		11E139C71A9BB1660074B985 /* MarkerInfoView.swift */ = {isa = PBXFileReference; fileEncoding = 4; lastKnownFileType = sourcecode.swift; path = MarkerInfoView.swift; sourceTree = "<group>"; };
		11E139C81A9BB1660074B985 /* MarkerInfoView.xib */ = {isa = PBXFileReference; fileEncoding = 4; lastKnownFileType = file.xib; path = MarkerInfoView.xib; sourceTree = "<group>"; };
		11E139C91A9BB1660074B985 /* UIViewExtension.swift */ = {isa = PBXFileReference; fileEncoding = 4; lastKnownFileType = sourcecode.swift; path = UIViewExtension.swift; sourceTree = "<group>"; };
		11E139CD1A9BB2B30074B985 /* GoogleDataProvider.swift */ = {isa = PBXFileReference; fileEncoding = 4; lastKnownFileType = sourcecode.swift; path = GoogleDataProvider.swift; sourceTree = "<group>"; };
		11E139CE1A9BB2B30074B985 /* GooglePlace.swift */ = {isa = PBXFileReference; fileEncoding = 4; lastKnownFileType = sourcecode.swift; path = GooglePlace.swift; sourceTree = "<group>"; };
		11E139D11A9BB47A0074B985 /* GoogleMaps.framework */ = {isa = PBXFileReference; lastKnownFileType = wrapper.framework; path = GoogleMaps.framework; sourceTree = "<group>"; };
		11E139D31A9BB48E0074B985 /* GoogleMaps.bundle */ = {isa = PBXFileReference; lastKnownFileType = "wrapper.plug-in"; name = GoogleMaps.bundle; path = GoogleMaps.framework/Versions/A/Resources/GoogleMaps.bundle; sourceTree = "<group>"; };
		11EEA6731AF5FFA500053ADA /* Base */ = {isa = PBXFileReference; lastKnownFileType = file.xib; name = Base; path = Base.lproj/LaunchScreen.xib; sourceTree = "<group>"; };
		B208DACB1B16AF8A00FB1288 /* MainViewController.swift */ = {isa = PBXFileReference; fileEncoding = 4; lastKnownFileType = sourcecode.swift; path = MainViewController.swift; sourceTree = "<group>"; };
		B23536DC1A709D7500E4391B /* CP_Maps.app */ = {isa = PBXFileReference; explicitFileType = wrapper.application; includeInIndex = 0; path = CP_Maps.app; sourceTree = BUILT_PRODUCTS_DIR; };
		B23536E01A709D7500E4391B /* Info.plist */ = {isa = PBXFileReference; lastKnownFileType = text.plist.xml; path = Info.plist; sourceTree = "<group>"; };
		B23536E11A709D7500E4391B /* AppDelegate.swift */ = {isa = PBXFileReference; lastKnownFileType = sourcecode.swift; path = AppDelegate.swift; sourceTree = "<group>"; };
		B23536E41A709D7500E4391B /* CP_Maps.xcdatamodel */ = {isa = PBXFileReference; lastKnownFileType = wrapper.xcdatamodel; path = CP_Maps.xcdatamodel; sourceTree = "<group>"; };
		B23536E91A709D7500E4391B /* Base */ = {isa = PBXFileReference; lastKnownFileType = file.storyboard; name = Base; path = Base.lproj/Main.storyboard; sourceTree = "<group>"; };
		B23536EB1A709D7500E4391B /* Images.xcassets */ = {isa = PBXFileReference; lastKnownFileType = folder.assetcatalog; path = Images.xcassets; sourceTree = "<group>"; };
		B23536F41A709D7500E4391B /* CP_MapsTests.xctest */ = {isa = PBXFileReference; explicitFileType = wrapper.cfbundle; includeInIndex = 0; path = CP_MapsTests.xctest; sourceTree = BUILT_PRODUCTS_DIR; };
		B23536F91A709D7500E4391B /* Info.plist */ = {isa = PBXFileReference; lastKnownFileType = text.plist.xml; path = Info.plist; sourceTree = "<group>"; };
		B23536FA1A709D7500E4391B /* CP_MapsTests.swift */ = {isa = PBXFileReference; lastKnownFileType = sourcecode.swift; path = CP_MapsTests.swift; sourceTree = "<group>"; };
		B23573531A92BC090065DF25 /* Day.swift */ = {isa = PBXFileReference; fileEncoding = 4; lastKnownFileType = sourcecode.swift; path = Day.swift; sourceTree = "<group>"; };
		B2372FA41A8C5B3F006EA3C9 /* LocationsTableViewController.swift */ = {isa = PBXFileReference; fileEncoding = 4; lastKnownFileType = sourcecode.swift; path = LocationsTableViewController.swift; sourceTree = "<group>"; };
		B2372FAA1A8C5D29006EA3C9 /* SampleData.swift */ = {isa = PBXFileReference; fileEncoding = 4; lastKnownFileType = sourcecode.swift; path = SampleData.swift; sourceTree = "<group>"; };
		B2372FB21A8C76C7006EA3C9 /* LocationCell.swift */ = {isa = PBXFileReference; fileEncoding = 4; lastKnownFileType = sourcecode.swift; path = LocationCell.swift; sourceTree = "<group>"; };
		B2485FCD1ADF677E00430CD9 /* CPMapsLibraryAPI.swift */ = {isa = PBXFileReference; fileEncoding = 4; lastKnownFileType = sourcecode.swift; path = CPMapsLibraryAPI.swift; sourceTree = "<group>"; };
		B2485FD01ADF6C4200430CD9 /* LocationsPersistencyManager.swift */ = {isa = PBXFileReference; fileEncoding = 4; lastKnownFileType = sourcecode.swift; path = LocationsPersistencyManager.swift; sourceTree = "<group>"; };
		B24DD84E1B13961700F2EE55 /* MapViewTypeTableViewController.swift */ = {isa = PBXFileReference; fileEncoding = 4; lastKnownFileType = sourcecode.swift; path = MapViewTypeTableViewController.swift; sourceTree = "<group>"; };
		B24DD8501B13994E00F2EE55 /* MapViewTypeTableViewCell.swift */ = {isa = PBXFileReference; fileEncoding = 4; lastKnownFileType = sourcecode.swift; path = MapViewTypeTableViewCell.swift; sourceTree = "<group>"; };
		B25647341AA0179000315E46 /* Room.swift */ = {isa = PBXFileReference; fileEncoding = 4; lastKnownFileType = sourcecode.swift; path = Room.swift; sourceTree = "<group>"; };
		B2644D351A990A9300513903 /* Building.swift */ = {isa = PBXFileReference; fileEncoding = 4; lastKnownFileType = sourcecode.swift; path = Building.swift; sourceTree = "<group>"; };
		B2644D371A990C4800513903 /* Course.swift */ = {isa = PBXFileReference; fileEncoding = 4; lastKnownFileType = sourcecode.swift; path = Course.swift; sourceTree = "<group>"; };
		B2748F451AB9337D00411FAA /* Const.swift */ = {isa = PBXFileReference; fileEncoding = 4; lastKnownFileType = sourcecode.swift; path = Const.swift; sourceTree = "<group>"; };
		B2748F4F1AB9528100411FAA /* ChooseBuildingRoomTableViewController.swift */ = {isa = PBXFileReference; fileEncoding = 4; lastKnownFileType = sourcecode.swift; path = ChooseBuildingRoomTableViewController.swift; sourceTree = "<group>"; };
		B28064881B0DD27100122A48 /* StartEndDatePicker.swift */ = {isa = PBXFileReference; fileEncoding = 4; lastKnownFileType = sourcecode.swift; path = StartEndDatePicker.swift; sourceTree = "<group>"; };
		B28088931AE8D08100A4656E /* BuildingsPersistencyManager.swift */ = {isa = PBXFileReference; fileEncoding = 4; lastKnownFileType = sourcecode.swift; path = BuildingsPersistencyManager.swift; sourceTree = "<group>"; };
		B29C14CC1A831E26000759CC /* CoreData.framework */ = {isa = PBXFileReference; lastKnownFileType = wrapper.framework; name = CoreData.framework; path = System/Library/Frameworks/CoreData.framework; sourceTree = SDKROOT; };
		B2CB2AA81A91AC1200FDF096 /* Location.swift */ = {isa = PBXFileReference; fileEncoding = 4; lastKnownFileType = sourcecode.swift; path = Location.swift; sourceTree = "<group>"; };
		B2E728F11B1AB41B00B7A0D6 /* MainViewController.storyboard */ = {isa = PBXFileReference; fileEncoding = 4; lastKnownFileType = file.storyboard; path = MainViewController.storyboard; sourceTree = "<group>"; };
		B2E763B31A903496000D93E5 /* ChooseDaysViewController.swift */ = {isa = PBXFileReference; fileEncoding = 4; lastKnownFileType = sourcecode.swift; path = ChooseDaysViewController.swift; sourceTree = "<group>"; };
		B2E763BD1A9049D5000D93E5 /* AddEditLocationViewController.swift */ = {isa = PBXFileReference; fileEncoding = 4; lastKnownFileType = sourcecode.swift; path = AddEditLocationViewController.swift; sourceTree = "<group>"; };
/* End PBXFileReference section */

/* Begin PBXFrameworksBuildPhase section */
		B23536D91A709D7500E4391B /* Frameworks */ = {
			isa = PBXFrameworksBuildPhase;
			buildActionMask = 2147483647;
			files = (
				B29C14CE1A831E7B000759CC /* CoreData.framework in Frameworks */,
				1167C1CF1A783FC600E6C780 /* CoreGraphics.framework in Frameworks */,
				1167C1D01A783FD000E6C780 /* CoreLocation.framework in Frameworks */,
				11E139AD1A9AE54B0074B985 /* CoreText.framework in Frameworks */,
				11E139D51A9BB4AD0074B985 /* GoogleMaps.bundle in Frameworks */,
				11E139D61A9BB4AF0074B985 /* GoogleMaps.framework in Frameworks */,
				11E139AF1A9AE5520074B985 /* GLKit.framework in Frameworks */,
				11E139BF1A9BA6310074B985 /* ImageIO.framework in Frameworks */,
				11E139B31A9AE5600074B985 /* libc++.dylib in Frameworks */,
				11E139B51A9AE5690074B985 /* libicucore.dylib in Frameworks */,
				11E139B71A9AE56F0074B985 /* libz.dylib in Frameworks */,
				11E139B91A9AE5770074B985 /* OpenGLES.framework in Frameworks */,
				11E139BB1A9AE57B0074B985 /* QuartzCore.framework in Frameworks */,
				11E139BD1A9AE5800074B985 /* SystemConfiguration.framework in Frameworks */,
				1167C1CE1A783FB600E6C780 /* UIKit.framework in Frameworks */,
				11E139AB1A9AE53B0074B985 /* AVFoundation.framework in Frameworks */,
			);
			runOnlyForDeploymentPostprocessing = 0;
		};
		B23536F11A709D7500E4391B /* Frameworks */ = {
			isa = PBXFrameworksBuildPhase;
			buildActionMask = 2147483647;
			files = (
			);
			runOnlyForDeploymentPostprocessing = 0;
		};
/* End PBXFrameworksBuildPhase section */

/* Begin PBXGroup section */
		1157A9F31AFAAB0A004CA294 /* FloorPlans */ = {
			isa = PBXGroup;
			children = (
				113A940F1B04986900C082C6 /* 1-1.png */,
				113A94101B04986900C082C6 /* 1-2.png */,
				113A94111B04986900C082C6 /* 1-3.png */,
				113A94121B04986900C082C6 /* 1-4.png */,
				113A94131B04986900C082C6 /* 1-5.png */,
				1157A9ED1AFAAAFE004CA294 /* 14-1.png */,
				1157A9EE1AFAAAFE004CA294 /* 14-2.png */,
				1157A9EF1AFAAAFE004CA294 /* 14-3.png */,
			);
			name = FloorPlans;
			sourceTree = "<group>";
		};
		1167C1CC1A783F3200E6C780 /* Frameworks */ = {
			isa = PBXGroup;
			children = (
				11E139AA1A9AE53B0074B985 /* AVFoundation.framework */,
				B29C14CC1A831E26000759CC /* CoreData.framework */,
				1167C1C81A783EF200E6C780 /* CoreGraphics.framework */,
				1167C1C91A783EF200E6C780 /* CoreLocation.framework */,
				11E139AC1A9AE54B0074B985 /* CoreText.framework */,
				11E139AE1A9AE5520074B985 /* GLKit.framework */,
				11E139D31A9BB48E0074B985 /* GoogleMaps.bundle */,
				11E139D11A9BB47A0074B985 /* GoogleMaps.framework */,
				11E139B01A9AE5580074B985 /* ImageIO.framework */,
				11E139B21A9AE5600074B985 /* libc++.dylib */,
				11E139B41A9AE5690074B985 /* libicucore.dylib */,
				11E139B61A9AE56F0074B985 /* libz.dylib */,
				11E139B81A9AE5770074B985 /* OpenGLES.framework */,
				11E139BA1A9AE57B0074B985 /* QuartzCore.framework */,
				11E139BC1A9AE5800074B985 /* SystemConfiguration.framework */,
				1167C1CD1A783FB600E6C780 /* UIKit.framework */,
			);
			name = Frameworks;
			path = ..;
			sourceTree = "<group>";
		};
		11FFA9F91A79D1AA007BBBF1 /* Controllers */ = {
			isa = PBXGroup;
			children = (
				B208DACB1B16AF8A00FB1288 /* MainViewController.swift */,
				B2E728F11B1AB41B00B7A0D6 /* MainViewController.storyboard */,
				11E139C31A9BB1040074B985 /* MapViewController.swift */,
				B24DD84E1B13961700F2EE55 /* MapViewTypeTableViewController.swift */,
				11E139C51A9BB13E0074B985 /* TypesTableViewController.swift */,
				B2372FA41A8C5B3F006EA3C9 /* LocationsTableViewController.swift */,
				B2E763BD1A9049D5000D93E5 /* AddEditLocationViewController.swift */,
				B2748F4F1AB9528100411FAA /* ChooseBuildingRoomTableViewController.swift */,
				B2E763B31A903496000D93E5 /* ChooseDaysViewController.swift */,
				1157A9EB1AFAA56A004CA294 /* FloorPlanPagedScrollViewController.swift */,
			);
			name = Controllers;
			sourceTree = "<group>";
		};
		11FFA9FA1A79D1B6007BBBF1 /* Views */ = {
			isa = PBXGroup;
			children = (
				11E139C71A9BB1660074B985 /* MarkerInfoView.swift */,
				11E139C81A9BB1660074B985 /* MarkerInfoView.xib */,
				11E139C91A9BB1660074B985 /* UIViewExtension.swift */,
			);
			name = Views;
			sourceTree = "<group>";
		};
		11FFA9FB1A79D1BC007BBBF1 /* Models */ = {
			isa = PBXGroup;
			children = (
				B23536E31A709D7500E4391B /* CP_Maps.xcdatamodeld */,
				B25647341AA0179000315E46 /* Room.swift */,
				B2644D351A990A9300513903 /* Building.swift */,
				B23573531A92BC090065DF25 /* Day.swift */,
				B2644D371A990C4800513903 /* Course.swift */,
				B2CB2AA81A91AC1200FDF096 /* Location.swift */,
				B2372FB21A8C76C7006EA3C9 /* LocationCell.swift */,
				B24DD8501B13994E00F2EE55 /* MapViewTypeTableViewCell.swift */,
				1171B44B1AF0AD2400564ABE /* StreamReader.swift */,
				B28064881B0DD27100122A48 /* StartEndDatePicker.swift */,
				11E139CD1A9BB2B30074B985 /* GoogleDataProvider.swift */,
				11E139CE1A9BB2B30074B985 /* GooglePlace.swift */,
			);
			name = Models;
			sourceTree = "<group>";
		};
		B23536D31A709D7500E4391B = {
			isa = PBXGroup;
			children = (
				1185CBB41A797B1900987018 /* .gitignore */,
				B23536DE1A709D7500E4391B /* CP_Maps */,
				B23536F71A709D7500E4391B /* CP_MapsTests */,
				B23536DD1A709D7500E4391B /* Products */,
			);
			indentWidth = 3;
			sourceTree = "<group>";
			tabWidth = 3;
		};
		B23536DD1A709D7500E4391B /* Products */ = {
			isa = PBXGroup;
			children = (
				B23536DC1A709D7500E4391B /* CP_Maps.app */,
				B23536F41A709D7500E4391B /* CP_MapsTests.xctest */,
			);
			name = Products;
			sourceTree = "<group>";
		};
		B23536DE1A709D7500E4391B /* CP_Maps */ = {
			isa = PBXGroup;
			children = (
				B23536E81A709D7500E4391B /* Main.storyboard */,
				B23536E11A709D7500E4391B /* AppDelegate.swift */,
				B2372FAA1A8C5D29006EA3C9 /* SampleData.swift */,
				B2485FCF1ADF678800430CD9 /* API */,
				11FFA9FB1A79D1BC007BBBF1 /* Models */,
				11FFA9FA1A79D1B6007BBBF1 /* Views */,
				11FFA9F91A79D1AA007BBBF1 /* Controllers */,
				B23536DF1A709D7500E4391B /* Supporting Files */,
				1167C1CC1A783F3200E6C780 /* Frameworks */,
				11E139C01A9BAB450074B985 /* CP_Maps-Bridging-Header.h */,
			);
			path = CP_Maps;
			sourceTree = "<group>";
		};
		B23536DF1A709D7500E4391B /* Supporting Files */ = {
			isa = PBXGroup;
			children = (
				1157A9F31AFAAB0A004CA294 /* FloorPlans */,
				1171B44D1AF0AE0E00564ABE /* Building_Info.csv */,
				B2748F451AB9337D00411FAA /* Const.swift */,
				11EEA6721AF5FFA500053ADA /* LaunchScreen.xib */,
				118C896C1AB16C6200E8847B /* PolyMap_Extended.jpg */,
				118C896A1AB1416B00E8847B /* CalPoly_Bldg14_Location.gpx */,
				B23536EB1A709D7500E4391B /* Images.xcassets */,
				B23536E01A709D7500E4391B /* Info.plist */,
			);
			name = "Supporting Files";
			sourceTree = "<group>";
		};
		B23536F71A709D7500E4391B /* CP_MapsTests */ = {
			isa = PBXGroup;
			children = (
				B23536FA1A709D7500E4391B /* CP_MapsTests.swift */,
				B23536F81A709D7500E4391B /* Supporting Files */,
			);
			path = CP_MapsTests;
			sourceTree = "<group>";
		};
		B23536F81A709D7500E4391B /* Supporting Files */ = {
			isa = PBXGroup;
			children = (
				B23536F91A709D7500E4391B /* Info.plist */,
			);
			name = "Supporting Files";
			sourceTree = "<group>";
		};
		B2485FCF1ADF678800430CD9 /* API */ = {
			isa = PBXGroup;
			children = (
				B2485FD01ADF6C4200430CD9 /* LocationsPersistencyManager.swift */,
				B28088931AE8D08100A4656E /* BuildingsPersistencyManager.swift */,
				B2485FCD1ADF677E00430CD9 /* CPMapsLibraryAPI.swift */,
			);
			name = API;
			sourceTree = "<group>";
		};
/* End PBXGroup section */

/* Begin PBXNativeTarget section */
		B23536DB1A709D7500E4391B /* CP_Maps */ = {
			isa = PBXNativeTarget;
			buildConfigurationList = B23536FE1A709D7500E4391B /* Build configuration list for PBXNativeTarget "CP_Maps" */;
			buildPhases = (
				B23536D81A709D7500E4391B /* Sources */,
				B23536D91A709D7500E4391B /* Frameworks */,
				B23536DA1A709D7500E4391B /* Resources */,
			);
			buildRules = (
			);
			dependencies = (
			);
			name = CP_Maps;
			productName = CP_Maps;
			productReference = B23536DC1A709D7500E4391B /* CP_Maps.app */;
			productType = "com.apple.product-type.application";
		};
		B23536F31A709D7500E4391B /* CP_MapsTests */ = {
			isa = PBXNativeTarget;
			buildConfigurationList = B23537011A709D7500E4391B /* Build configuration list for PBXNativeTarget "CP_MapsTests" */;
			buildPhases = (
				B23536F01A709D7500E4391B /* Sources */,
				B23536F11A709D7500E4391B /* Frameworks */,
				B23536F21A709D7500E4391B /* Resources */,
			);
			buildRules = (
			);
			dependencies = (
				B23536F61A709D7500E4391B /* PBXTargetDependency */,
			);
			name = CP_MapsTests;
			productName = CP_MapsTests;
			productReference = B23536F41A709D7500E4391B /* CP_MapsTests.xctest */;
			productType = "com.apple.product-type.bundle.unit-test";
		};
/* End PBXNativeTarget section */

/* Begin PBXProject section */
		B23536D41A709D7500E4391B /* Project object */ = {
			isa = PBXProject;
			attributes = {
				LastUpgradeCheck = 0610;
				ORGANIZATIONNAME = "Carl-Brian";
				TargetAttributes = {
					B23536DB1A709D7500E4391B = {
						CreatedOnToolsVersion = 6.1.1;
						DevelopmentTeam = PY9957M84G;
					};
					B23536F31A709D7500E4391B = {
						CreatedOnToolsVersion = 6.1.1;
						TestTargetID = B23536DB1A709D7500E4391B;
					};
				};
			};
			buildConfigurationList = B23536D71A709D7500E4391B /* Build configuration list for PBXProject "CP_Maps" */;
			compatibilityVersion = "Xcode 3.2";
			developmentRegion = English;
			hasScannedForEncodings = 0;
			knownRegions = (
				en,
				Base,
			);
			mainGroup = B23536D31A709D7500E4391B;
			productRefGroup = B23536DD1A709D7500E4391B /* Products */;
			projectDirPath = "";
			projectRoot = "";
			targets = (
				B23536DB1A709D7500E4391B /* CP_Maps */,
				B23536F31A709D7500E4391B /* CP_MapsTests */,
			);
		};
/* End PBXProject section */

/* Begin PBXResourcesBuildPhase section */
		B23536DA1A709D7500E4391B /* Resources */ = {
			isa = PBXResourcesBuildPhase;
			buildActionMask = 2147483647;
			files = (
				118C896B1AB1416B00E8847B /* CalPoly_Bldg14_Location.gpx in Resources */,
				1185CBB51A797B1900987018 /* .gitignore in Resources */,
				1171B44E1AF0AE0E00564ABE /* Building_Info.csv in Resources */,
				B23536EA1A709D7500E4391B /* Main.storyboard in Resources */,
				113A94141B04986900C082C6 /* 1-1.png in Resources */,
				11E139D41A9BB48E0074B985 /* GoogleMaps.bundle in Resources */,
				113A94151B04986900C082C6 /* 1-2.png in Resources */,
				118C896D1AB16C6200E8847B /* PolyMap_Extended.jpg in Resources */,
				1157A9F21AFAAAFE004CA294 /* 14-3.png in Resources */,
				113A94161B04986900C082C6 /* 1-3.png in Resources */,
				B2E728F21B1AB41B00B7A0D6 /* MainViewController.storyboard in Resources */,
				1157A9F01AFAAAFE004CA294 /* 14-1.png in Resources */,
				11E139CB1A9BB1660074B985 /* MarkerInfoView.xib in Resources */,
				113A94181B04986900C082C6 /* 1-5.png in Resources */,
				113A94171B04986900C082C6 /* 1-4.png in Resources */,
				11EEA6741AF5FFA500053ADA /* LaunchScreen.xib in Resources */,
				1157A9F11AFAAAFE004CA294 /* 14-2.png in Resources */,
				B23536EC1A709D7500E4391B /* Images.xcassets in Resources */,
			);
			runOnlyForDeploymentPostprocessing = 0;
		};
		B23536F21A709D7500E4391B /* Resources */ = {
			isa = PBXResourcesBuildPhase;
			buildActionMask = 2147483647;
			files = (
			);
			runOnlyForDeploymentPostprocessing = 0;
		};
/* End PBXResourcesBuildPhase section */

/* Begin PBXSourcesBuildPhase section */
		B23536D81A709D7500E4391B /* Sources */ = {
			isa = PBXSourcesBuildPhase;
			buildActionMask = 2147483647;
			files = (
				B2644D381A990C4800513903 /* Course.swift in Sources */,
				1157A9EC1AFAA56A004CA294 /* FloorPlanPagedScrollViewController.swift in Sources */,
				11E139CF1A9BB2B30074B985 /* GoogleDataProvider.swift in Sources */,
				B2CB2AA91A91AC1200FDF096 /* Location.swift in Sources */,
				B2485FCE1ADF677E00430CD9 /* CPMapsLibraryAPI.swift in Sources */,
				B2748F501AB9528100411FAA /* ChooseBuildingRoomTableViewController.swift in Sources */,
				B2372FB31A8C76C7006EA3C9 /* LocationCell.swift in Sources */,
				11E139D01A9BB2B30074B985 /* GooglePlace.swift in Sources */,
				B2E763B41A903496000D93E5 /* ChooseDaysViewController.swift in Sources */,
				B23573541A92BC090065DF25 /* Day.swift in Sources */,
				B2372FAB1A8C5D29006EA3C9 /* SampleData.swift in Sources */,
				B23536E21A709D7500E4391B /* AppDelegate.swift in Sources */,
				11E139CC1A9BB1660074B985 /* UIViewExtension.swift in Sources */,
				B208DACC1B16AF8A00FB1288 /* MainViewController.swift in Sources */,
				1171B44C1AF0AD2400564ABE /* StreamReader.swift in Sources */,
				11E139CA1A9BB1660074B985 /* MarkerInfoView.swift in Sources */,
				B2644D361A990A9300513903 /* Building.swift in Sources */,
				B23536E51A709D7500E4391B /* CP_Maps.xcdatamodeld in Sources */,
				B25647351AA0179000315E46 /* Room.swift in Sources */,
				B28064891B0DD27100122A48 /* StartEndDatePicker.swift in Sources */,
				B24DD8511B13994E00F2EE55 /* MapViewTypeTableViewCell.swift in Sources */,
				B28088941AE8D08100A4656E /* BuildingsPersistencyManager.swift in Sources */,
				B2E763BE1A9049D5000D93E5 /* AddEditLocationViewController.swift in Sources */,
				11E139C61A9BB13E0074B985 /* TypesTableViewController.swift in Sources */,
				B24DD84F1B13961700F2EE55 /* MapViewTypeTableViewController.swift in Sources */,
				B2372FA51A8C5B3F006EA3C9 /* LocationsTableViewController.swift in Sources */,
				11E139C41A9BB1040074B985 /* MapViewController.swift in Sources */,
				B2748F461AB9337D00411FAA /* Const.swift in Sources */,
				B2485FD11ADF6C4200430CD9 /* LocationsPersistencyManager.swift in Sources */,
			);
			runOnlyForDeploymentPostprocessing = 0;
		};
		B23536F01A709D7500E4391B /* Sources */ = {
			isa = PBXSourcesBuildPhase;
			buildActionMask = 2147483647;
			files = (
				B23536FB1A709D7500E4391B /* CP_MapsTests.swift in Sources */,
			);
			runOnlyForDeploymentPostprocessing = 0;
		};
/* End PBXSourcesBuildPhase section */

/* Begin PBXTargetDependency section */
		B23536F61A709D7500E4391B /* PBXTargetDependency */ = {
			isa = PBXTargetDependency;
			target = B23536DB1A709D7500E4391B /* CP_Maps */;
			targetProxy = B23536F51A709D7500E4391B /* PBXContainerItemProxy */;
		};
/* End PBXTargetDependency section */

/* Begin PBXVariantGroup section */
		11EEA6721AF5FFA500053ADA /* LaunchScreen.xib */ = {
			isa = PBXVariantGroup;
			children = (
				11EEA6731AF5FFA500053ADA /* Base */,
			);
			name = LaunchScreen.xib;
			sourceTree = "<group>";
		};
		B23536E81A709D7500E4391B /* Main.storyboard */ = {
			isa = PBXVariantGroup;
			children = (
				B23536E91A709D7500E4391B /* Base */,
			);
			name = Main.storyboard;
			sourceTree = "<group>";
		};
/* End PBXVariantGroup section */

/* Begin XCBuildConfiguration section */
		B23536FC1A709D7500E4391B /* Debug */ = {
			isa = XCBuildConfiguration;
			buildSettings = {
				ALWAYS_SEARCH_USER_PATHS = NO;
				CLANG_CXX_LANGUAGE_STANDARD = "gnu++0x";
				CLANG_CXX_LIBRARY = "libc++";
				CLANG_ENABLE_MODULES = YES;
				CLANG_ENABLE_OBJC_ARC = YES;
				CLANG_WARN_BOOL_CONVERSION = YES;
				CLANG_WARN_CONSTANT_CONVERSION = YES;
				CLANG_WARN_DIRECT_OBJC_ISA_USAGE = YES_ERROR;
				CLANG_WARN_EMPTY_BODY = YES;
				CLANG_WARN_ENUM_CONVERSION = YES;
				CLANG_WARN_INT_CONVERSION = YES;
				CLANG_WARN_OBJC_ROOT_CLASS = YES_ERROR;
				CLANG_WARN_UNREACHABLE_CODE = YES;
				CLANG_WARN__DUPLICATE_METHOD_MATCH = YES;
				"CODE_SIGN_IDENTITY[sdk=iphoneos*]" = "iPhone Developer";
				COPY_PHASE_STRIP = NO;
				ENABLE_STRICT_OBJC_MSGSEND = YES;
				GCC_C_LANGUAGE_STANDARD = gnu99;
				GCC_DYNAMIC_NO_PIC = NO;
				GCC_OPTIMIZATION_LEVEL = 0;
				GCC_PREPROCESSOR_DEFINITIONS = (
					"DEBUG=1",
					"$(inherited)",
				);
				GCC_SYMBOLS_PRIVATE_EXTERN = NO;
				GCC_WARN_64_TO_32_BIT_CONVERSION = YES;
				GCC_WARN_ABOUT_RETURN_TYPE = YES_ERROR;
				GCC_WARN_UNDECLARED_SELECTOR = YES;
				GCC_WARN_UNINITIALIZED_AUTOS = YES_AGGRESSIVE;
				GCC_WARN_UNUSED_FUNCTION = YES;
				GCC_WARN_UNUSED_VARIABLE = YES;
				IPHONEOS_DEPLOYMENT_TARGET = 8.1;
				MTL_ENABLE_DEBUG_INFO = YES;
				ONLY_ACTIVE_ARCH = YES;
				OTHER_LDFLAGS = "-ObjC";
				SDKROOT = iphoneos;
				SWIFT_OPTIMIZATION_LEVEL = "-Onone";
			};
			name = Debug;
		};
		B23536FD1A709D7500E4391B /* Release */ = {
			isa = XCBuildConfiguration;
			buildSettings = {
				ALWAYS_SEARCH_USER_PATHS = NO;
				CLANG_CXX_LANGUAGE_STANDARD = "gnu++0x";
				CLANG_CXX_LIBRARY = "libc++";
				CLANG_ENABLE_MODULES = YES;
				CLANG_ENABLE_OBJC_ARC = YES;
				CLANG_WARN_BOOL_CONVERSION = YES;
				CLANG_WARN_CONSTANT_CONVERSION = YES;
				CLANG_WARN_DIRECT_OBJC_ISA_USAGE = YES_ERROR;
				CLANG_WARN_EMPTY_BODY = YES;
				CLANG_WARN_ENUM_CONVERSION = YES;
				CLANG_WARN_INT_CONVERSION = YES;
				CLANG_WARN_OBJC_ROOT_CLASS = YES_ERROR;
				CLANG_WARN_UNREACHABLE_CODE = YES;
				CLANG_WARN__DUPLICATE_METHOD_MATCH = YES;
				"CODE_SIGN_IDENTITY[sdk=iphoneos*]" = "iPhone Developer";
				COPY_PHASE_STRIP = YES;
				ENABLE_NS_ASSERTIONS = NO;
				ENABLE_STRICT_OBJC_MSGSEND = YES;
				GCC_C_LANGUAGE_STANDARD = gnu99;
				GCC_WARN_64_TO_32_BIT_CONVERSION = YES;
				GCC_WARN_ABOUT_RETURN_TYPE = YES_ERROR;
				GCC_WARN_UNDECLARED_SELECTOR = YES;
				GCC_WARN_UNINITIALIZED_AUTOS = YES_AGGRESSIVE;
				GCC_WARN_UNUSED_FUNCTION = YES;
				GCC_WARN_UNUSED_VARIABLE = YES;
				IPHONEOS_DEPLOYMENT_TARGET = 8.1;
				MTL_ENABLE_DEBUG_INFO = NO;
				OTHER_LDFLAGS = "-ObjC";
				SDKROOT = iphoneos;
				VALIDATE_PRODUCT = YES;
			};
			name = Release;
		};
		B23536FF1A709D7500E4391B /* Debug */ = {
			isa = XCBuildConfiguration;
			buildSettings = {
				ASSETCATALOG_COMPILER_APPICON_NAME = AppIcon;
				ASSETCATALOG_COMPILER_LAUNCHIMAGE_NAME = LaunchImage;
				CLANG_ENABLE_MODULES = YES;
				CODE_SIGN_IDENTITY = "iPhone Developer";
				"CODE_SIGN_IDENTITY[sdk=iphoneos*]" = "iPhone Developer";
				FRAMEWORK_SEARCH_PATHS = (
					"$(inherited)",
					/Users/carllindiii/Desktop/CP,
					"Maps/GoogleMaps-iOS-1.9.1",
					"$(PROJECT_DIR)",
					"$(PROJECT_DIR)/Frameworks",
				);
				INFOPLIST_FILE = CP_Maps/Info.plist;
				LD_RUNPATH_SEARCH_PATHS = "$(inherited) @executable_path/Frameworks";
				PRODUCT_NAME = "$(TARGET_NAME)";
				PROVISIONING_PROFILE = "";
				SWIFT_OBJC_BRIDGING_HEADER = "CP_Maps/CP_Maps-Bridging-Header.h";
				SWIFT_OPTIMIZATION_LEVEL = "-Onone";
			};
			name = Debug;
		};
		B23537001A709D7500E4391B /* Release */ = {
			isa = XCBuildConfiguration;
			buildSettings = {
				ASSETCATALOG_COMPILER_APPICON_NAME = AppIcon;
				ASSETCATALOG_COMPILER_LAUNCHIMAGE_NAME = LaunchImage;
				CLANG_ENABLE_MODULES = YES;
				CODE_SIGN_IDENTITY = "iPhone Developer";
				"CODE_SIGN_IDENTITY[sdk=iphoneos*]" = "iPhone Developer";
				FRAMEWORK_SEARCH_PATHS = (
					"$(inherited)",
					/Users/carllindiii/Desktop/CP,
					"Maps/GoogleMaps-iOS-1.9.1",
					"$(PROJECT_DIR)",
					"$(PROJECT_DIR)/Frameworks",
				);
				INFOPLIST_FILE = CP_Maps/Info.plist;
				LD_RUNPATH_SEARCH_PATHS = "$(inherited) @executable_path/Frameworks";
				PRODUCT_NAME = "$(TARGET_NAME)";
				PROVISIONING_PROFILE = "";
				SWIFT_OBJC_BRIDGING_HEADER = "CP_Maps/CP_Maps-Bridging-Header.h";
			};
			name = Release;
		};
		B23537021A709D7500E4391B /* Debug */ = {
			isa = XCBuildConfiguration;
			buildSettings = {
				BUNDLE_LOADER = "$(TEST_HOST)";
				FRAMEWORK_SEARCH_PATHS = (
					"$(SDKROOT)/Developer/Library/Frameworks",
					"$(inherited)",
				);
				GCC_PREPROCESSOR_DEFINITIONS = (
					"DEBUG=1",
					"$(inherited)",
				);
				INFOPLIST_FILE = CP_MapsTests/Info.plist;
				LD_RUNPATH_SEARCH_PATHS = "$(inherited) @executable_path/Frameworks @loader_path/Frameworks";
				PRODUCT_NAME = "$(TARGET_NAME)";
				TEST_HOST = "$(BUILT_PRODUCTS_DIR)/CP_Maps.app/CP_Maps";
			};
			name = Debug;
		};
		B23537031A709D7500E4391B /* Release */ = {
			isa = XCBuildConfiguration;
			buildSettings = {
				BUNDLE_LOADER = "$(TEST_HOST)";
				FRAMEWORK_SEARCH_PATHS = (
					"$(SDKROOT)/Developer/Library/Frameworks",
					"$(inherited)",
				);
				INFOPLIST_FILE = CP_MapsTests/Info.plist;
				LD_RUNPATH_SEARCH_PATHS = "$(inherited) @executable_path/Frameworks @loader_path/Frameworks";
				PRODUCT_NAME = "$(TARGET_NAME)";
				TEST_HOST = "$(BUILT_PRODUCTS_DIR)/CP_Maps.app/CP_Maps";
			};
			name = Release;
		};
/* End XCBuildConfiguration section */

/* Begin XCConfigurationList section */
		B23536D71A709D7500E4391B /* Build configuration list for PBXProject "CP_Maps" */ = {
			isa = XCConfigurationList;
			buildConfigurations = (
				B23536FC1A709D7500E4391B /* Debug */,
				B23536FD1A709D7500E4391B /* Release */,
			);
			defaultConfigurationIsVisible = 0;
			defaultConfigurationName = Release;
		};
		B23536FE1A709D7500E4391B /* Build configuration list for PBXNativeTarget "CP_Maps" */ = {
			isa = XCConfigurationList;
			buildConfigurations = (
				B23536FF1A709D7500E4391B /* Debug */,
				B23537001A709D7500E4391B /* Release */,
			);
			defaultConfigurationIsVisible = 0;
			defaultConfigurationName = Release;
		};
		B23537011A709D7500E4391B /* Build configuration list for PBXNativeTarget "CP_MapsTests" */ = {
			isa = XCConfigurationList;
			buildConfigurations = (
				B23537021A709D7500E4391B /* Debug */,
				B23537031A709D7500E4391B /* Release */,
			);
			defaultConfigurationIsVisible = 0;
			defaultConfigurationName = Release;
		};
/* End XCConfigurationList section */

/* Begin XCVersionGroup section */
		B23536E31A709D7500E4391B /* CP_Maps.xcdatamodeld */ = {
			isa = XCVersionGroup;
			children = (
				B23536E41A709D7500E4391B /* CP_Maps.xcdatamodel */,
			);
			currentVersion = B23536E41A709D7500E4391B /* CP_Maps.xcdatamodel */;
			path = CP_Maps.xcdatamodeld;
			sourceTree = "<group>";
			versionGroupType = wrapper.xcdatamodel;
		};
/* End XCVersionGroup section */
	};
	rootObject = B23536D41A709D7500E4391B /* Project object */;
}
